
Microsoft Visual Studio Solution File, Format Version 12.00
# Visual Studio Version 17
VisualStudioVersion = 17.3.32922.545
MinimumVisualStudioVersion = 10.0.40219.1
Project("{FAE04EC0-301F-11D3-BF4B-00C04F79EFBC}") = "Infra.Services.EmailService", "src\Infra.Services.EmailService\Infra.Services.EmailService.csproj", "{0BDEB9C1-8FDD-404C-A1E2-AC2C893EC7FB}"
EndProject
Project("{FAE04EC0-301F-11D3-BF4B-00C04F79EFBC}") = "Infra.Services.FileService", "src\Infra.Services.FileService\Infra.Services.FileService.csproj", "{8728F70A-45A6-4649-9846-91AC22C32967}"
EndProject
Project("{2150E333-8FDC-42A3-9474-1A3956D46DE8}") = "Itens de Solução", "Itens de Solução", "{F5D26E1A-0222-4DD4-83D1-EB6AA55E8BAA}"
	ProjectSection(SolutionItems) = preProject
		.gitignore = .gitignore
		README.md = README.md
	EndProjectSection
EndProject
Global
	GlobalSection(SolutionConfigurationPlatforms) = preSolution
		Debug|Any CPU = Debug|Any CPU
		Release|Any CPU = Release|Any CPU
	EndGlobalSection
	GlobalSection(ProjectConfigurationPlatforms) = postSolution
		{0BDEB9C1-8FDD-404C-A1E2-AC2C893EC7FB}.Debug|Any CPU.ActiveCfg = Debug|Any CPU
		{0BDEB9C1-8FDD-404C-A1E2-AC2C893EC7FB}.Debug|Any CPU.Build.0 = Debug|Any CPU
		{0BDEB9C1-8FDD-404C-A1E2-AC2C893EC7FB}.Release|Any CPU.ActiveCfg = Release|Any CPU
		{0BDEB9C1-8FDD-404C-A1E2-AC2C893EC7FB}.Release|Any CPU.Build.0 = Release|Any CPU
		{8728F70A-45A6-4649-9846-91AC22C32967}.Debug|Any CPU.ActiveCfg = Debug|Any CPU
		{8728F70A-45A6-4649-9846-91AC22C32967}.Debug|Any CPU.Build.0 = Debug|Any CPU
		{8728F70A-45A6-4649-9846-91AC22C32967}.Release|Any CPU.ActiveCfg = Release|Any CPU
		{8728F70A-45A6-4649-9846-91AC22C32967}.Release|Any CPU.Build.0 = Release|Any CPU
	EndGlobalSection
	GlobalSection(SolutionProperties) = preSolution
		HideSolutionNode = FALSE
	EndGlobalSection
	GlobalSection(ExtensibilityGlobals) = postSolution
		SolutionGuid = {4A56E7F5-ACCE-45B8-AE3C-5CA10564C7F4}
	EndGlobalSection
EndGlobal
